
Microsoft Visual Studio Solution File, Format Version 12.00
# Visual Studio Version 17
VisualStudioVersion = 17.2.32526.322
MinimumVisualStudioVersion = 10.0.40219.1
Project("{FAE04EC0-301F-11D3-BF4B-00C04F79EFBC}") = "DetailsView", "DetailsView\DetailsView.csproj", "{817542B3-4DE6-45C8-8BD8-EC7A9A607623}"
EndProject
Global
	GlobalSection(SolutionConfigurationPlatforms) = preSolution
		Debug|Any CPU = Debug|Any CPU
		Release|Any CPU = Release|Any CPU
	EndGlobalSection
	GlobalSection(ProjectConfigurationPlatforms) = postSolution
		{817542B3-4DE6-45C8-8BD8-EC7A9A607623}.Debug|Any CPU.ActiveCfg = Debug|Any CPU
		{817542B3-4DE6-45C8-8BD8-EC7A9A607623}.Debug|Any CPU.Build.0 = Debug|Any CPU
		{817542B3-4DE6-45C8-8BD8-EC7A9A607623}.Release|Any CPU.ActiveCfg = Release|Any CPU
		{817542B3-4DE6-45C8-8BD8-EC7A9A607623}.Release|Any CPU.Build.0 = Release|Any CPU
	EndGlobalSection
	GlobalSection(SolutionProperties) = preSolution
		HideSolutionNode = FALSE
	EndGlobalSection
	GlobalSection(ExtensibilityGlobals) = postSolution
		SolutionGuid = {F12E6E2A-59F3-47A1-B19B-0DD12F9067C4}
	EndGlobalSection
EndGlobal
